// !$*UTF8*$!
{
	archiveVersion = 1;
	classes = {
	};
	objectVersion = 55;
	objects = {

/* Begin PBXBuildFile section */
		70A703582838BFF800667BDF /* AppDelegate.swift in Sources */ = {isa = PBXBuildFile; fileRef = 70A703572838BFF800667BDF /* AppDelegate.swift */; };
		70A7035A2838BFF800667BDF /* SceneDelegate.swift in Sources */ = {isa = PBXBuildFile; fileRef = 70A703592838BFF800667BDF /* SceneDelegate.swift */; };
		70A7035C2838BFF800667BDF /* ViewController.swift in Sources */ = {isa = PBXBuildFile; fileRef = 70A7035B2838BFF800667BDF /* ViewController.swift */; };
		70A7035F2838BFF800667BDF /* Main.storyboard in Resources */ = {isa = PBXBuildFile; fileRef = 70A7035D2838BFF800667BDF /* Main.storyboard */; };
		70A703612838BFFB00667BDF /* Assets.xcassets in Resources */ = {isa = PBXBuildFile; fileRef = 70A703602838BFFB00667BDF /* Assets.xcassets */; };
		70A703642838BFFB00667BDF /* LaunchScreen.storyboard in Resources */ = {isa = PBXBuildFile; fileRef = 70A703622838BFFB00667BDF /* LaunchScreen.storyboard */; };
		70A7036F2838BFFB00667BDF /* EggTimerTests.swift in Sources */ = {isa = PBXBuildFile; fileRef = 70A7036E2838BFFB00667BDF /* EggTimerTests.swift */; };
		70A703792838BFFB00667BDF /* EggTimerUITests.swift in Sources */ = {isa = PBXBuildFile; fileRef = 70A703782838BFFB00667BDF /* EggTimerUITests.swift */; };
		70A7037B2838BFFB00667BDF /* EggTimerUITestsLaunchTests.swift in Sources */ = {isa = PBXBuildFile; fileRef = 70A7037A2838BFFB00667BDF /* EggTimerUITestsLaunchTests.swift */; };
/* End PBXBuildFile section */

/* Begin PBXContainerItemProxy section */
		70A7036B2838BFFB00667BDF /* PBXContainerItemProxy */ = {
			isa = PBXContainerItemProxy;
			containerPortal = 70A7034C2838BFF800667BDF /* Project object */;
			proxyType = 1;
			remoteGlobalIDString = 70A703532838BFF800667BDF;
			remoteInfo = EggTimer;
		};
		70A703752838BFFB00667BDF /* PBXContainerItemProxy */ = {
			isa = PBXContainerItemProxy;
			containerPortal = 70A7034C2838BFF800667BDF /* Project object */;
			proxyType = 1;
			remoteGlobalIDString = 70A703532838BFF800667BDF;
			remoteInfo = EggTimer;
		};
/* End PBXContainerItemProxy section */

/* Begin PBXFileReference section */
		70A703542838BFF800667BDF /* EggTimer.app */ = {isa = PBXFileReference; explicitFileType = wrapper.application; includeInIndex = 0; path = EggTimer.app; sourceTree = BUILT_PRODUCTS_DIR; };
		70A703572838BFF800667BDF /* AppDelegate.swift */ = {isa = PBXFileReference; lastKnownFileType = sourcecode.swift; path = AppDelegate.swift; sourceTree = "<group>"; };
		70A703592838BFF800667BDF /* SceneDelegate.swift */ = {isa = PBXFileReference; lastKnownFileType = sourcecode.swift; path = SceneDelegate.swift; sourceTree = "<group>"; };
		70A7035B2838BFF800667BDF /* ViewController.swift */ = {isa = PBXFileReference; lastKnownFileType = sourcecode.swift; path = ViewController.swift; sourceTree = "<group>"; };
		70A7035E2838BFF800667BDF /* Base */ = {isa = PBXFileReference; lastKnownFileType = file.storyboard; name = Base; path = Base.lproj/Main.storyboard; sourceTree = "<group>"; };
		70A703602838BFFB00667BDF /* Assets.xcassets */ = {isa = PBXFileReference; lastKnownFileType = folder.assetcatalog; path = Assets.xcassets; sourceTree = "<group>"; };
		70A703632838BFFB00667BDF /* Base */ = {isa = PBXFileReference; lastKnownFileType = file.storyboard; name = Base; path = Base.lproj/LaunchScreen.storyboard; sourceTree = "<group>"; };
		70A703652838BFFB00667BDF /* Info.plist */ = {isa = PBXFileReference; lastKnownFileType = text.plist.xml; path = Info.plist; sourceTree = "<group>"; };
		70A7036A2838BFFB00667BDF /* EggTimerTests.xctest */ = {isa = PBXFileReference; explicitFileType = wrapper.cfbundle; includeInIndex = 0; path = EggTimerTests.xctest; sourceTree = BUILT_PRODUCTS_DIR; };
		70A7036E2838BFFB00667BDF /* EggTimerTests.swift */ = {isa = PBXFileReference; lastKnownFileType = sourcecode.swift; path = EggTimerTests.swift; sourceTree = "<group>"; };
		70A703742838BFFB00667BDF /* EggTimerUITests.xctest */ = {isa = PBXFileReference; explicitFileType = wrapper.cfbundle; includeInIndex = 0; path = EggTimerUITests.xctest; sourceTree = BUILT_PRODUCTS_DIR; };
		70A703782838BFFB00667BDF /* EggTimerUITests.swift */ = {isa = PBXFileReference; lastKnownFileType = sourcecode.swift; path = EggTimerUITests.swift; sourceTree = "<group>"; };
		70A7037A2838BFFB00667BDF /* EggTimerUITestsLaunchTests.swift */ = {isa = PBXFileReference; lastKnownFileType = sourcecode.swift; path = EggTimerUITestsLaunchTests.swift; sourceTree = "<group>"; };
/* End PBXFileReference section */

/* Begin PBXFrameworksBuildPhase section */
		70A703512838BFF800667BDF /* Frameworks */ = {
			isa = PBXFrameworksBuildPhase;
			buildActionMask = 2147483647;
			files = (
			);
			runOnlyForDeploymentPostprocessing = 0;
		};
		70A703672838BFFB00667BDF /* Frameworks */ = {
			isa = PBXFrameworksBuildPhase;
			buildActionMask = 2147483647;
			files = (
			);
			runOnlyForDeploymentPostprocessing = 0;
		};
		70A703712838BFFB00667BDF /* Frameworks */ = {
			isa = PBXFrameworksBuildPhase;
			buildActionMask = 2147483647;
			files = (
			);
			runOnlyForDeploymentPostprocessing = 0;
		};
/* End PBXFrameworksBuildPhase section */

/* Begin PBXGroup section */
		70A7034B2838BFF800667BDF = {
			isa = PBXGroup;
			children = (
				70A703562838BFF800667BDF /* EggTimer */,
				70A7036D2838BFFB00667BDF /* EggTimerTests */,
				70A703772838BFFB00667BDF /* EggTimerUITests */,
				70A703552838BFF800667BDF /* Products */,
			);
			sourceTree = "<group>";
		};
		70A703552838BFF800667BDF /* Products */ = {
			isa = PBXGroup;
			children = (
				70A703542838BFF800667BDF /* EggTimer.app */,
				70A7036A2838BFFB00667BDF /* EggTimerTests.xctest */,
				70A703742838BFFB00667BDF /* EggTimerUITests.xctest */,
			);
			name = Products;
			sourceTree = "<group>";
		};
		70A703562838BFF800667BDF /* EggTimer */ = {
			isa = PBXGroup;
			children = (
				70A703572838BFF800667BDF /* AppDelegate.swift */,
				70A703592838BFF800667BDF /* SceneDelegate.swift */,
				70A7035B2838BFF800667BDF /* ViewController.swift */,
				70A7035D2838BFF800667BDF /* Main.storyboard */,
				70A703602838BFFB00667BDF /* Assets.xcassets */,
				70A703622838BFFB00667BDF /* LaunchScreen.storyboard */,
				70A703652838BFFB00667BDF /* Info.plist */,
			);
			path = EggTimer;
			sourceTree = "<group>";
		};
		70A7036D2838BFFB00667BDF /* EggTimerTests */ = {
			isa = PBXGroup;
			children = (
				70A7036E2838BFFB00667BDF /* EggTimerTests.swift */,
			);
			path = EggTimerTests;
			sourceTree = "<group>";
		};
		70A703772838BFFB00667BDF /* EggTimerUITests */ = {
			isa = PBXGroup;
			children = (
				70A703782838BFFB00667BDF /* EggTimerUITests.swift */,
				70A7037A2838BFFB00667BDF /* EggTimerUITestsLaunchTests.swift */,
			);
			path = EggTimerUITests;
			sourceTree = "<group>";
		};
/* End PBXGroup section */

/* Begin PBXNativeTarget section */
		70A703532838BFF800667BDF /* EggTimer */ = {
			isa = PBXNativeTarget;
			buildConfigurationList = 70A7037E2838BFFB00667BDF /* Build configuration list for PBXNativeTarget "EggTimer" */;
			buildPhases = (
				70A703502838BFF800667BDF /* Sources */,
				70A703512838BFF800667BDF /* Frameworks */,
				70A703522838BFF800667BDF /* Resources */,
			);
			buildRules = (
			);
			dependencies = (
			);
			name = EggTimer;
			productName = EggTimer;
			productReference = 70A703542838BFF800667BDF /* EggTimer.app */;
			productType = "com.apple.product-type.application";
		};
		70A703692838BFFB00667BDF /* EggTimerTests */ = {
			isa = PBXNativeTarget;
			buildConfigurationList = 70A703812838BFFB00667BDF /* Build configuration list for PBXNativeTarget "EggTimerTests" */;
			buildPhases = (
				70A703662838BFFB00667BDF /* Sources */,
				70A703672838BFFB00667BDF /* Frameworks */,
				70A703682838BFFB00667BDF /* Resources */,
			);
			buildRules = (
			);
			dependencies = (
				70A7036C2838BFFB00667BDF /* PBXTargetDependency */,
			);
			name = EggTimerTests;
			productName = EggTimerTests;
			productReference = 70A7036A2838BFFB00667BDF /* EggTimerTests.xctest */;
			productType = "com.apple.product-type.bundle.unit-test";
		};
		70A703732838BFFB00667BDF /* EggTimerUITests */ = {
			isa = PBXNativeTarget;
			buildConfigurationList = 70A703842838BFFB00667BDF /* Build configuration list for PBXNativeTarget "EggTimerUITests" */;
			buildPhases = (
				70A703702838BFFB00667BDF /* Sources */,
				70A703712838BFFB00667BDF /* Frameworks */,
				70A703722838BFFB00667BDF /* Resources */,
			);
			buildRules = (
			);
			dependencies = (
				70A703762838BFFB00667BDF /* PBXTargetDependency */,
			);
			name = EggTimerUITests;
			productName = EggTimerUITests;
			productReference = 70A703742838BFFB00667BDF /* EggTimerUITests.xctest */;
			productType = "com.apple.product-type.bundle.ui-testing";
		};
/* End PBXNativeTarget section */

/* Begin PBXProject section */
		70A7034C2838BFF800667BDF /* Project object */ = {
			isa = PBXProject;
			attributes = {
				BuildIndependentTargetsInParallel = 1;
				LastSwiftUpdateCheck = 1340;
				LastUpgradeCheck = 1340;
				TargetAttributes = {
					70A703532838BFF800667BDF = {
						CreatedOnToolsVersion = 13.4;
					};
					70A703692838BFFB00667BDF = {
						CreatedOnToolsVersion = 13.4;
						TestTargetID = 70A703532838BFF800667BDF;
					};
					70A703732838BFFB00667BDF = {
						CreatedOnToolsVersion = 13.4;
						TestTargetID = 70A703532838BFF800667BDF;
					};
				};
			};
			buildConfigurationList = 70A7034F2838BFF800667BDF /* Build configuration list for PBXProject "EggTimer" */;
			compatibilityVersion = "Xcode 13.0";
			developmentRegion = en;
			hasScannedForEncodings = 0;
			knownRegions = (
				en,
				Base,
			);
			mainGroup = 70A7034B2838BFF800667BDF;
			productRefGroup = 70A703552838BFF800667BDF /* Products */;
			projectDirPath = "";
			projectRoot = "";
			targets = (
				70A703532838BFF800667BDF /* EggTimer */,
				70A703692838BFFB00667BDF /* EggTimerTests */,
				70A703732838BFFB00667BDF /* EggTimerUITests */,
			);
		};
/* End PBXProject section */

/* Begin PBXResourcesBuildPhase section */
		70A703522838BFF800667BDF /* Resources */ = {
			isa = PBXResourcesBuildPhase;
			buildActionMask = 2147483647;
			files = (
				70A703642838BFFB00667BDF /* LaunchScreen.storyboard in Resources */,
				70A703612838BFFB00667BDF /* Assets.xcassets in Resources */,
				70A7035F2838BFF800667BDF /* Main.storyboard in Resources */,
			);
			runOnlyForDeploymentPostprocessing = 0;
		};
		70A703682838BFFB00667BDF /* Resources */ = {
			isa = PBXResourcesBuildPhase;
			buildActionMask = 2147483647;
			files = (
			);
			runOnlyForDeploymentPostprocessing = 0;
		};
		70A703722838BFFB00667BDF /* Resources */ = {
			isa = PBXResourcesBuildPhase;
			buildActionMask = 2147483647;
			files = (
			);
			runOnlyForDeploymentPostprocessing = 0;
		};
/* End PBXResourcesBuildPhase section */

/* Begin PBXSourcesBuildPhase section */
		70A703502838BFF800667BDF /* Sources */ = {
			isa = PBXSourcesBuildPhase;
			buildActionMask = 2147483647;
			files = (
				70A7035C2838BFF800667BDF /* ViewController.swift in Sources */,
				70A703582838BFF800667BDF /* AppDelegate.swift in Sources */,
				70A7035A2838BFF800667BDF /* SceneDelegate.swift in Sources */,
			);
			runOnlyForDeploymentPostprocessing = 0;
		};
		70A703662838BFFB00667BDF /* Sources */ = {
			isa = PBXSourcesBuildPhase;
			buildActionMask = 2147483647;
			files = (
				70A7036F2838BFFB00667BDF /* EggTimerTests.swift in Sources */,
			);
			runOnlyForDeploymentPostprocessing = 0;
		};
		70A703702838BFFB00667BDF /* Sources */ = {
			isa = PBXSourcesBuildPhase;
			buildActionMask = 2147483647;
			files = (
				70A7037B2838BFFB00667BDF /* EggTimerUITestsLaunchTests.swift in Sources */,
				70A703792838BFFB00667BDF /* EggTimerUITests.swift in Sources */,
			);
			runOnlyForDeploymentPostprocessing = 0;
		};
/* End PBXSourcesBuildPhase section */

/* Begin PBXTargetDependency section */
		70A7036C2838BFFB00667BDF /* PBXTargetDependency */ = {
			isa = PBXTargetDependency;
			target = 70A703532838BFF800667BDF /* EggTimer */;
			targetProxy = 70A7036B2838BFFB00667BDF /* PBXContainerItemProxy */;
		};
		70A703762838BFFB00667BDF /* PBXTargetDependency */ = {
			isa = PBXTargetDependency;
			target = 70A703532838BFF800667BDF /* EggTimer */;
			targetProxy = 70A703752838BFFB00667BDF /* PBXContainerItemProxy */;
		};
/* End PBXTargetDependency section */

/* Begin PBXVariantGroup section */
		70A7035D2838BFF800667BDF /* Main.storyboard */ = {
			isa = PBXVariantGroup;
			children = (
				70A7035E2838BFF800667BDF /* Base */,
			);
			name = Main.storyboard;
			sourceTree = "<group>";
		};
		70A703622838BFFB00667BDF /* LaunchScreen.storyboard */ = {
			isa = PBXVariantGroup;
			children = (
				70A703632838BFFB00667BDF /* Base */,
			);
			name = LaunchScreen.storyboard;
			sourceTree = "<group>";
		};
/* End PBXVariantGroup section */

/* Begin XCBuildConfiguration section */
		70A7037C2838BFFB00667BDF /* Debug */ = {
			isa = XCBuildConfiguration;
			buildSettings = {
				ALWAYS_SEARCH_USER_PATHS = NO;
				CLANG_ANALYZER_NONNULL = YES;
				CLANG_ANALYZER_NUMBER_OBJECT_CONVERSION = YES_AGGRESSIVE;
				CLANG_CXX_LANGUAGE_STANDARD = "gnu++17";
				CLANG_ENABLE_MODULES = YES;
				CLANG_ENABLE_OBJC_ARC = YES;
				CLANG_ENABLE_OBJC_WEAK = YES;
				CLANG_WARN_BLOCK_CAPTURE_AUTORELEASING = YES;
				CLANG_WARN_BOOL_CONVERSION = YES;
				CLANG_WARN_COMMA = YES;
				CLANG_WARN_CONSTANT_CONVERSION = YES;
				CLANG_WARN_DEPRECATED_OBJC_IMPLEMENTATIONS = YES;
				CLANG_WARN_DIRECT_OBJC_ISA_USAGE = YES_ERROR;
				CLANG_WARN_DOCUMENTATION_COMMENTS = YES;
				CLANG_WARN_EMPTY_BODY = YES;
				CLANG_WARN_ENUM_CONVERSION = YES;
				CLANG_WARN_INFINITE_RECURSION = YES;
				CLANG_WARN_INT_CONVERSION = YES;
				CLANG_WARN_NON_LITERAL_NULL_CONVERSION = YES;
				CLANG_WARN_OBJC_IMPLICIT_RETAIN_SELF = YES;
				CLANG_WARN_OBJC_LITERAL_CONVERSION = YES;
				CLANG_WARN_OBJC_ROOT_CLASS = YES_ERROR;
				CLANG_WARN_QUOTED_INCLUDE_IN_FRAMEWORK_HEADER = YES;
				CLANG_WARN_RANGE_LOOP_ANALYSIS = YES;
				CLANG_WARN_STRICT_PROTOTYPES = YES;
				CLANG_WARN_SUSPICIOUS_MOVE = YES;
				CLANG_WARN_UNGUARDED_AVAILABILITY = YES_AGGRESSIVE;
				CLANG_WARN_UNREACHABLE_CODE = YES;
				CLANG_WARN__DUPLICATE_METHOD_MATCH = YES;
				COPY_PHASE_STRIP = NO;
				DEBUG_INFORMATION_FORMAT = dwarf;
				ENABLE_STRICT_OBJC_MSGSEND = YES;
				ENABLE_TESTABILITY = YES;
				GCC_C_LANGUAGE_STANDARD = gnu11;
				GCC_DYNAMIC_NO_PIC = NO;
				GCC_NO_COMMON_BLOCKS = YES;
				GCC_OPTIMIZATION_LEVEL = 0;
				GCC_PREPROCESSOR_DEFINITIONS = (
					"DEBUG=1",
					"$(inherited)",
				);
				GCC_WARN_64_TO_32_BIT_CONVERSION = YES;
				GCC_WARN_ABOUT_RETURN_TYPE = YES_ERROR;
				GCC_WARN_UNDECLARED_SELECTOR = YES;
				GCC_WARN_UNINITIALIZED_AUTOS = YES_AGGRESSIVE;
				GCC_WARN_UNUSED_FUNCTION = YES;
				GCC_WARN_UNUSED_VARIABLE = YES;
				IPHONEOS_DEPLOYMENT_TARGET = 15.5;
				MTL_ENABLE_DEBUG_INFO = INCLUDE_SOURCE;
				MTL_FAST_MATH = YES;
				ONLY_ACTIVE_ARCH = YES;
				SDKROOT = iphoneos;
				SWIFT_ACTIVE_COMPILATION_CONDITIONS = DEBUG;
				SWIFT_OPTIMIZATION_LEVEL = "-Onone";
			};
			name = Debug;
		};
		70A7037D2838BFFB00667BDF /* Release */ = {
			isa = XCBuildConfiguration;
			buildSettings = {
				ALWAYS_SEARCH_USER_PATHS = NO;
				CLANG_ANALYZER_NONNULL = YES;
				CLANG_ANALYZER_NUMBER_OBJECT_CONVERSION = YES_AGGRESSIVE;
				CLANG_CXX_LANGUAGE_STANDARD = "gnu++17";
				CLANG_ENABLE_MODULES = YES;
				CLANG_ENABLE_OBJC_ARC = YES;
				CLANG_ENABLE_OBJC_WEAK = YES;
				CLANG_WARN_BLOCK_CAPTURE_AUTORELEASING = YES;
				CLANG_WARN_BOOL_CONVERSION = YES;
				CLANG_WARN_COMMA = YES;
				CLANG_WARN_CONSTANT_CONVERSION = YES;
				CLANG_WARN_DEPRECATED_OBJC_IMPLEMENTATIONS = YES;
				CLANG_WARN_DIRECT_OBJC_ISA_USAGE = YES_ERROR;
				CLANG_WARN_DOCUMENTATION_COMMENTS = YES;
				CLANG_WARN_EMPTY_BODY = YES;
				CLANG_WARN_ENUM_CONVERSION = YES;
				CLANG_WARN_INFINITE_RECURSION = YES;
				CLANG_WARN_INT_CONVERSION = YES;
				CLANG_WARN_NON_LITERAL_NULL_CONVERSION = YES;
				CLANG_WARN_OBJC_IMPLICIT_RETAIN_SELF = YES;
				CLANG_WARN_OBJC_LITERAL_CONVERSION = YES;
				CLANG_WARN_OBJC_ROOT_CLASS = YES_ERROR;
				CLANG_WARN_QUOTED_INCLUDE_IN_FRAMEWORK_HEADER = YES;
				CLANG_WARN_RANGE_LOOP_ANALYSIS = YES;
				CLANG_WARN_STRICT_PROTOTYPES = YES;
				CLANG_WARN_SUSPICIOUS_MOVE = YES;
				CLANG_WARN_UNGUARDED_AVAILABILITY = YES_AGGRESSIVE;
				CLANG_WARN_UNREACHABLE_CODE = YES;
				CLANG_WARN__DUPLICATE_METHOD_MATCH = YES;
				COPY_PHASE_STRIP = NO;
				DEBUG_INFORMATION_FORMAT = "dwarf-with-dsym";
				ENABLE_NS_ASSERTIONS = NO;
				ENABLE_STRICT_OBJC_MSGSEND = YES;
				GCC_C_LANGUAGE_STANDARD = gnu11;
				GCC_NO_COMMON_BLOCKS = YES;
				GCC_WARN_64_TO_32_BIT_CONVERSION = YES;
				GCC_WARN_ABOUT_RETURN_TYPE = YES_ERROR;
				GCC_WARN_UNDECLARED_SELECTOR = YES;
				GCC_WARN_UNINITIALIZED_AUTOS = YES_AGGRESSIVE;
				GCC_WARN_UNUSED_FUNCTION = YES;
				GCC_WARN_UNUSED_VARIABLE = YES;
				IPHONEOS_DEPLOYMENT_TARGET = 15.5;
				MTL_ENABLE_DEBUG_INFO = NO;
				MTL_FAST_MATH = YES;
				SDKROOT = iphoneos;
				SWIFT_COMPILATION_MODE = wholemodule;
				SWIFT_OPTIMIZATION_LEVEL = "-O";
				VALIDATE_PRODUCT = YES;
			};
			name = Release;
		};
		70A7037F2838BFFB00667BDF /* Debug */ = {
			isa = XCBuildConfiguration;
			buildSettings = {
				ASSETCATALOG_COMPILER_APPICON_NAME = AppIcon;
				ASSETCATALOG_COMPILER_GLOBAL_ACCENT_COLOR_NAME = AccentColor;
				CODE_SIGN_STYLE = Automatic;
				CURRENT_PROJECT_VERSION = 1;
				DEVELOPMENT_TEAM = GVAT556993;
				GENERATE_INFOPLIST_FILE = YES;
				INFOPLIST_FILE = EggTimer/Info.plist;
				INFOPLIST_KEY_UIApplicationSupportsIndirectInputEvents = YES;
				INFOPLIST_KEY_UILaunchStoryboardName = LaunchScreen;
				INFOPLIST_KEY_UIMainStoryboardFile = Main;
				INFOPLIST_KEY_UISupportedInterfaceOrientations_iPad = "UIInterfaceOrientationPortrait UIInterfaceOrientationPortraitUpsideDown UIInterfaceOrientationLandscapeLeft UIInterfaceOrientationLandscapeRight";
				INFOPLIST_KEY_UISupportedInterfaceOrientations_iPhone = "UIInterfaceOrientationPortrait UIInterfaceOrientationLandscapeLeft UIInterfaceOrientationLandscapeRight";
				LD_RUNPATH_SEARCH_PATHS = (
					"$(inherited)",
					"@executable_path/Frameworks",
				);
				MARKETING_VERSION = 1.0;
				PRODUCT_BUNDLE_IDENTIFIER = com.mminhou.EggTimer;
				PRODUCT_NAME = "$(TARGET_NAME)";
				SWIFT_EMIT_LOC_STRINGS = YES;
				SWIFT_VERSION = 5.0;
				TARGETED_DEVICE_FAMILY = "1,2";
			};
			name = Debug;
		};
		70A703802838BFFB00667BDF /* Release */ = {
			isa = XCBuildConfiguration;
			buildSettings = {
				ASSETCATALOG_COMPILER_APPICON_NAME = AppIcon;
				ASSETCATALOG_COMPILER_GLOBAL_ACCENT_COLOR_NAME = AccentColor;
				CODE_SIGN_STYLE = Automatic;
				CURRENT_PROJECT_VERSION = 1;
				DEVELOPMENT_TEAM = GVAT556993;
				GENERATE_INFOPLIST_FILE = YES;
				INFOPLIST_FILE = EggTimer/Info.plist;
				INFOPLIST_KEY_UIApplicationSupportsIndirectInputEvents = YES;
				INFOPLIST_KEY_UILaunchStoryboardName = LaunchScreen;
				INFOPLIST_KEY_UIMainStoryboardFile = Main;
				INFOPLIST_KEY_UISupportedInterfaceOrientations_iPad = "UIInterfaceOrientationPortrait UIInterfaceOrientationPortraitUpsideDown UIInterfaceOrientationLandscapeLeft UIInterfaceOrientationLandscapeRight";
				INFOPLIST_KEY_UISupportedInterfaceOrientations_iPhone = "UIInterfaceOrientationPortrait UIInterfaceOrientationLandscapeLeft UIInterfaceOrientationLandscapeRight";
				LD_RUNPATH_SEARCH_PATHS = (
					"$(inherited)",
					"@executable_path/Frameworks",
				);
				MARKETING_VERSION = 1.0;
				PRODUCT_BUNDLE_IDENTIFIER = com.mminhou.EggTimer;
				PRODUCT_NAME = "$(TARGET_NAME)";
				SWIFT_EMIT_LOC_STRINGS = YES;
				SWIFT_VERSION = 5.0;
				TARGETED_DEVICE_FAMILY = "1,2";
			};
			name = Release;
		};
		70A703822838BFFB00667BDF /* Debug */ = {
			isa = XCBuildConfiguration;
			buildSettings = {
				ALWAYS_EMBED_SWIFT_STANDARD_LIBRARIES = YES;
				BUNDLE_LOADER = "$(TEST_HOST)";
				CODE_SIGN_STYLE = Automatic;
				CURRENT_PROJECT_VERSION = 1;
				DEVELOPMENT_TEAM = GVAT556993;
				GENERATE_INFOPLIST_FILE = YES;
				IPHONEOS_DEPLOYMENT_TARGET = 15.5;
				MARKETING_VERSION = 1.0;
				PRODUCT_BUNDLE_IDENTIFIER = com.mminhou.EggTimerTests;
				PRODUCT_NAME = "$(TARGET_NAME)";
				SWIFT_EMIT_LOC_STRINGS = NO;
				SWIFT_VERSION = 5.0;
				TARGETED_DEVICE_FAMILY = "1,2";
				TEST_HOST = "$(BUILT_PRODUCTS_DIR)/EggTimer.app/EggTimer";
			};
			name = Debug;
		};
		70A703832838BFFB00667BDF /* Release */ = {
			isa = XCBuildConfiguration;
			buildSettings = {
				ALWAYS_EMBED_SWIFT_STANDARD_LIBRARIES = YES;
				BUNDLE_LOADER = "$(TEST_HOST)";
				CODE_SIGN_STYLE = Automatic;
				CURRENT_PROJECT_VERSION = 1;
				DEVELOPMENT_TEAM = GVAT556993;
				GENERATE_INFOPLIST_FILE = YES;
				IPHONEOS_DEPLOYMENT_TARGET = 15.5;
				MARKETING_VERSION = 1.0;
				PRODUCT_BUNDLE_IDENTIFIER = com.mminhou.EggTimerTests;
				PRODUCT_NAME = "$(TARGET_NAME)";
				SWIFT_EMIT_LOC_STRINGS = NO;
				SWIFT_VERSION = 5.0;
				TARGETED_DEVICE_FAMILY = "1,2";
				TEST_HOST = "$(BUILT_PRODUCTS_DIR)/EggTimer.app/EggTimer";
			};
			name = Release;
		};
		70A703852838BFFB00667BDF /* Debug */ = {
			isa = XCBuildConfiguration;
			buildSettings = {
				ALWAYS_EMBED_SWIFT_STANDARD_LIBRARIES = YES;
				CODE_SIGN_STYLE = Automatic;
				CURRENT_PROJECT_VERSION = 1;
				DEVELOPMENT_TEAM = GVAT556993;
				GENERATE_INFOPLIST_FILE = YES;
				MARKETING_VERSION = 1.0;
				PRODUCT_BUNDLE_IDENTIFIER = com.mminhou.EggTimerUITests;
				PRODUCT_NAME = "$(TARGET_NAME)";
				SWIFT_EMIT_LOC_STRINGS = NO;
				SWIFT_VERSION = 5.0;
				TARGETED_DEVICE_FAMILY = "1,2";
				TEST_TARGET_NAME = EggTimer;
			};
			name = Debug;
		};
		70A703862838BFFB00667BDF /* Release */ = {
			isa = XCBuildConfiguration;
			buildSettings = {
				ALWAYS_EMBED_SWIFT_STANDARD_LIBRARIES = YES;
				CODE_SIGN_STYLE = Automatic;
				CURRENT_PROJECT_VERSION = 1;
				DEVELOPMENT_TEAM = GVAT556993;
				GENERATE_INFOPLIST_FILE = YES;
				MARKETING_VERSION = 1.0;
				PRODUCT_BUNDLE_IDENTIFIER = com.mminhou.EggTimerUITests;
				PRODUCT_NAME = "$(TARGET_NAME)";
				SWIFT_EMIT_LOC_STRINGS = NO;
				SWIFT_VERSION = 5.0;
				TARGETED_DEVICE_FAMILY = "1,2";
				TEST_TARGET_NAME = EggTimer;
			};
			name = Release;
		};
/* End XCBuildConfiguration section */

/* Begin XCConfigurationList section */
		70A7034F2838BFF800667BDF /* Build configuration list for PBXProject "EggTimer" */ = {
			isa = XCConfigurationList;
			buildConfigurations = (
				70A7037C2838BFFB00667BDF /* Debug */,
				70A7037D2838BFFB00667BDF /* Release */,
			);
			defaultConfigurationIsVisible = 0;
			defaultConfigurationName = Release;
		};
		70A7037E2838BFFB00667BDF /* Build configuration list for PBXNativeTarget "EggTimer" */ = {
			isa = XCConfigurationList;
			buildConfigurations = (
				70A7037F2838BFFB00667BDF /* Debug */,
				70A703802838BFFB00667BDF /* Release */,
			);
			defaultConfigurationIsVisible = 0;
			defaultConfigurationName = Release;
		};
		70A703812838BFFB00667BDF /* Build configuration list for PBXNativeTarget "EggTimerTests" */ = {
			isa = XCConfigurationList;
			buildConfigurations = (
				70A703822838BFFB00667BDF /* Debug */,
				70A703832838BFFB00667BDF /* Release */,
			);
			defaultConfigurationIsVisible = 0;
			defaultConfigurationName = Release;
		};
		70A703842838BFFB00667BDF /* Build configuration list for PBXNativeTarget "EggTimerUITests" */ = {
			isa = XCConfigurationList;
			buildConfigurations = (
				70A703852838BFFB00667BDF /* Debug */,
				70A703862838BFFB00667BDF /* Release */,
			);
			defaultConfigurationIsVisible = 0;
			defaultConfigurationName = Release;
		};
/* End XCConfigurationList section */
	};
	rootObject = 70A7034C2838BFF800667BDF /* Project object */;
}
